
Microsoft Visual Studio Solution File, Format Version 12.00
# Visual Studio Express 2012 for Windows Desktop
Project("{FAE04EC0-301F-11D3-BF4B-00C04F79EFBC}") = "Browshot", "Browshot\Browshot.csproj", "{2452F8F2-76CD-4D2A-8C66-1E4C386B8E39}"
EndProject
Project("{FAE04EC0-301F-11D3-BF4B-00C04F79EFBC}") = "Tests", "Tests\Tests.csproj", "{86B38AC7-0ABE-4200-990C-2A170919F0C0}"
	ProjectSection(ProjectDependencies) = postProject
		{2452F8F2-76CD-4D2A-8C66-1E4C386B8E39} = {2452F8F2-76CD-4D2A-8C66-1E4C386B8E39}
	EndProjectSection
EndProject
Global
	GlobalSection(SolutionConfigurationPlatforms) = preSolution
		Debug|Any CPU = Debug|Any CPU
		Release|Any CPU = Release|Any CPU
	EndGlobalSection
	GlobalSection(ProjectConfigurationPlatforms) = postSolution
		{2452F8F2-76CD-4D2A-8C66-1E4C386B8E39}.Debug|Any CPU.ActiveCfg = Debug|Any CPU
		{2452F8F2-76CD-4D2A-8C66-1E4C386B8E39}.Debug|Any CPU.Build.0 = Debug|Any CPU
		{2452F8F2-76CD-4D2A-8C66-1E4C386B8E39}.Release|Any CPU.ActiveCfg = Release|Any CPU
		{2452F8F2-76CD-4D2A-8C66-1E4C386B8E39}.Release|Any CPU.Build.0 = Release|Any CPU
		{86B38AC7-0ABE-4200-990C-2A170919F0C0}.Debug|Any CPU.ActiveCfg = Debug|Any CPU
		{86B38AC7-0ABE-4200-990C-2A170919F0C0}.Debug|Any CPU.Build.0 = Debug|Any CPU
		{86B38AC7-0ABE-4200-990C-2A170919F0C0}.Release|Any CPU.ActiveCfg = Release|Any CPU
		{86B38AC7-0ABE-4200-990C-2A170919F0C0}.Release|Any CPU.Build.0 = Release|Any CPU
	EndGlobalSection
	GlobalSection(SolutionProperties) = preSolution
		HideSolutionNode = FALSE
	EndGlobalSection
EndGlobal
